
Microsoft Visual Studio Solution File, Format Version 12.00
# Visual Studio Version 17
VisualStudioVersion = 17.13.35931.197 d17.13
MinimumVisualStudioVersion = 10.0.40219.1
Project("{FAE04EC0-301F-11D3-BF4B-00C04F79EFBC}") = "Zuplae.Aulas.Atv0011.ConsoleApp", "Zuplae.Aulas.Atv0011.ConsoleApp\Zuplae.Aulas.Atv0011.ConsoleApp.csproj", "{4119C157-5101-4363-96E0-97147DA190B3}"
EndProject
Project("{FAE04EC0-301F-11D3-BF4B-00C04F79EFBC}") = "Zuplae.Aulas.Atv0011.Models", "Zuplae.Aulas.Atv0011.Models\Zuplae.Aulas.Atv0011.Models.csproj", "{EF319FD3-8248-4017-A185-DB9080117AF3}"
EndProject
Global
	GlobalSection(SolutionConfigurationPlatforms) = preSolution
		Debug|Any CPU = Debug|Any CPU
		Release|Any CPU = Release|Any CPU
	EndGlobalSection
	GlobalSection(ProjectConfigurationPlatforms) = postSolution
		{4119C157-5101-4363-96E0-97147DA190B3}.Debug|Any CPU.ActiveCfg = Debug|Any CPU
		{4119C157-5101-4363-96E0-97147DA190B3}.Debug|Any CPU.Build.0 = Debug|Any CPU
		{4119C157-5101-4363-96E0-97147DA190B3}.Release|Any CPU.ActiveCfg = Release|Any CPU
		{4119C157-5101-4363-96E0-97147DA190B3}.Release|Any CPU.Build.0 = Release|Any CPU
		{EF319FD3-8248-4017-A185-DB9080117AF3}.Debug|Any CPU.ActiveCfg = Debug|Any CPU
		{EF319FD3-8248-4017-A185-DB9080117AF3}.Debug|Any CPU.Build.0 = Debug|Any CPU
		{EF319FD3-8248-4017-A185-DB9080117AF3}.Release|Any CPU.ActiveCfg = Release|Any CPU
		{EF319FD3-8248-4017-A185-DB9080117AF3}.Release|Any CPU.Build.0 = Release|Any CPU
	EndGlobalSection
	GlobalSection(SolutionProperties) = preSolution
		HideSolutionNode = FALSE
	EndGlobalSection
	GlobalSection(ExtensibilityGlobals) = postSolution
		SolutionGuid = {99BEAA32-8D7E-442F-A0F6-94CB02466744}
	EndGlobalSection
EndGlobal
